// !$*UTF8*$!
{
	archiveVersion = 1;
	classes = {
	};
	objectVersion = 48;
	objects = {

/* Begin PBXBuildFile section */
		1CC3E773206C5CCE004E38A8 /* AppDelegate.swift in Sources */ = {isa = PBXBuildFile; fileRef = 1CC3E772206C5CCE004E38A8 /* AppDelegate.swift */; };
		1CC3E775206C5CCE004E38A8 /* ViewController.swift in Sources */ = {isa = PBXBuildFile; fileRef = 1CC3E774206C5CCE004E38A8 /* ViewController.swift */; };
		1CC3E778206C5CCE004E38A8 /* Main.storyboard in Resources */ = {isa = PBXBuildFile; fileRef = 1CC3E776206C5CCE004E38A8 /* Main.storyboard */; };
		1CC3E77A206C5CCE004E38A8 /* Assets.xcassets in Resources */ = {isa = PBXBuildFile; fileRef = 1CC3E779206C5CCE004E38A8 /* Assets.xcassets */; };
		1CC3E77D206C5CCE004E38A8 /* LaunchScreen.storyboard in Resources */ = {isa = PBXBuildFile; fileRef = 1CC3E77B206C5CCE004E38A8 /* LaunchScreen.storyboard */; };
		1CC3E790206C5D6A004E38A8 /* Tentacles.framework in Frameworks */ = {isa = PBXBuildFile; fileRef = 1CC3E78A206C5CF1004E38A8 /* Tentacles.framework */; };
		1CC3E791206C5D6A004E38A8 /* Tentacles.framework in Embed Frameworks */ = {isa = PBXBuildFile; fileRef = 1CC3E78A206C5CF1004E38A8 /* Tentacles.framework */; settings = {ATTRIBUTES = (CodeSignOnCopy, RemoveHeadersOnCopy, ); }; };
/* End PBXBuildFile section */

/* Begin PBXContainerItemProxy section */
		1CC3E789206C5CF1004E38A8 /* PBXContainerItemProxy */ = {
			isa = PBXContainerItemProxy;
			containerPortal = 1CC3E784206C5CF1004E38A8 /* Tentacles.xcodeproj */;
			proxyType = 2;
			remoteGlobalIDString = 1CC3E740206BEEE7004E38A8;
			remoteInfo = Tentacles;
		};
		1CC3E78B206C5CF1004E38A8 /* PBXContainerItemProxy */ = {
			isa = PBXContainerItemProxy;
			containerPortal = 1CC3E784206C5CF1004E38A8 /* Tentacles.xcodeproj */;
			proxyType = 2;
			remoteGlobalIDString = 1CC3E749206BEEE7004E38A8;
			remoteInfo = TentaclesTests;
		};
		1CC3E792206C5D6A004E38A8 /* PBXContainerItemProxy */ = {
			isa = PBXContainerItemProxy;
			containerPortal = 1CC3E784206C5CF1004E38A8 /* Tentacles.xcodeproj */;
			proxyType = 1;
			remoteGlobalIDString = 1CC3E73F206BEEE7004E38A8;
			remoteInfo = Tentacles;
		};
/* End PBXContainerItemProxy section */

/* Begin PBXCopyFilesBuildPhase section */
		1CC3E794206C5D6A004E38A8 /* Embed Frameworks */ = {
			isa = PBXCopyFilesBuildPhase;
			buildActionMask = 2147483647;
			dstPath = "";
			dstSubfolderSpec = 10;
			files = (
				1CC3E791206C5D6A004E38A8 /* Tentacles.framework in Embed Frameworks */,
			);
			name = "Embed Frameworks";
			runOnlyForDeploymentPostprocessing = 0;
		};
/* End PBXCopyFilesBuildPhase section */

/* Begin PBXFileReference section */
		1CC3E76F206C5CCE004E38A8 /* TentaclesExample.app */ = {isa = PBXFileReference; explicitFileType = wrapper.application; includeInIndex = 0; path = TentaclesExample.app; sourceTree = BUILT_PRODUCTS_DIR; };
		1CC3E772206C5CCE004E38A8 /* AppDelegate.swift */ = {isa = PBXFileReference; lastKnownFileType = sourcecode.swift; path = AppDelegate.swift; sourceTree = "<group>"; };
		1CC3E774206C5CCE004E38A8 /* ViewController.swift */ = {isa = PBXFileReference; lastKnownFileType = sourcecode.swift; path = ViewController.swift; sourceTree = "<group>"; };
		1CC3E777206C5CCE004E38A8 /* Base */ = {isa = PBXFileReference; lastKnownFileType = file.storyboard; name = Base; path = Base.lproj/Main.storyboard; sourceTree = "<group>"; };
		1CC3E779206C5CCE004E38A8 /* Assets.xcassets */ = {isa = PBXFileReference; lastKnownFileType = folder.assetcatalog; path = Assets.xcassets; sourceTree = "<group>"; };
		1CC3E77C206C5CCE004E38A8 /* Base */ = {isa = PBXFileReference; lastKnownFileType = file.storyboard; name = Base; path = Base.lproj/LaunchScreen.storyboard; sourceTree = "<group>"; };
		1CC3E77E206C5CCE004E38A8 /* Info.plist */ = {isa = PBXFileReference; lastKnownFileType = text.plist.xml; path = Info.plist; sourceTree = "<group>"; };
		1CC3E784206C5CF1004E38A8 /* Tentacles.xcodeproj */ = {isa = PBXFileReference; lastKnownFileType = "wrapper.pb-project"; name = Tentacles.xcodeproj; path = ../../Tentacles.xcodeproj; sourceTree = "<group>"; };
/* End PBXFileReference section */

/* Begin PBXFrameworksBuildPhase section */
		1CC3E76C206C5CCE004E38A8 /* Frameworks */ = {
			isa = PBXFrameworksBuildPhase;
			buildActionMask = 2147483647;
			files = (
				1CC3E790206C5D6A004E38A8 /* Tentacles.framework in Frameworks */,
			);
			runOnlyForDeploymentPostprocessing = 0;
		};
/* End PBXFrameworksBuildPhase section */

/* Begin PBXGroup section */
		1CC3E766206C5CCD004E38A8 = {
			isa = PBXGroup;
			children = (
				1CC3E784206C5CF1004E38A8 /* Tentacles.xcodeproj */,
				1CC3E771206C5CCE004E38A8 /* TentaclesExample */,
				1CC3E770206C5CCE004E38A8 /* Products */,
			);
			sourceTree = "<group>";
		};
		1CC3E770206C5CCE004E38A8 /* Products */ = {
			isa = PBXGroup;
			children = (
				1CC3E76F206C5CCE004E38A8 /* TentaclesExample.app */,
			);
			name = Products;
			sourceTree = "<group>";
		};
		1CC3E771206C5CCE004E38A8 /* TentaclesExample */ = {
			isa = PBXGroup;
			children = (
				1CC3E772206C5CCE004E38A8 /* AppDelegate.swift */,
				1CC3E774206C5CCE004E38A8 /* ViewController.swift */,
				1CC3E776206C5CCE004E38A8 /* Main.storyboard */,
				1CC3E779206C5CCE004E38A8 /* Assets.xcassets */,
				1CC3E77B206C5CCE004E38A8 /* LaunchScreen.storyboard */,
				1CC3E77E206C5CCE004E38A8 /* Info.plist */,
			);
			path = TentaclesExample;
			sourceTree = "<group>";
		};
		1CC3E785206C5CF1004E38A8 /* Products */ = {
			isa = PBXGroup;
			children = (
				1CC3E78A206C5CF1004E38A8 /* Tentacles.framework */,
				1CC3E78C206C5CF1004E38A8 /* TentaclesTests.xctest */,
			);
			name = Products;
			sourceTree = "<group>";
		};
/* End PBXGroup section */

/* Begin PBXNativeTarget section */
		1CC3E76E206C5CCE004E38A8 /* TentaclesExample */ = {
			isa = PBXNativeTarget;
			buildConfigurationList = 1CC3E781206C5CCE004E38A8 /* Build configuration list for PBXNativeTarget "TentaclesExample" */;
			buildPhases = (
				1CC3E76B206C5CCE004E38A8 /* Sources */,
				1CC3E76C206C5CCE004E38A8 /* Frameworks */,
				1CC3E76D206C5CCE004E38A8 /* Resources */,
				1CC3E794206C5D6A004E38A8 /* Embed Frameworks */,
			);
			buildRules = (
			);
			dependencies = (
				1CC3E793206C5D6A004E38A8 /* PBXTargetDependency */,
			);
			name = TentaclesExample;
			productName = TentaclesExample;
			productReference = 1CC3E76F206C5CCE004E38A8 /* TentaclesExample.app */;
			productType = "com.apple.product-type.application";
		};
/* End PBXNativeTarget section */

/* Begin PBXProject section */
		1CC3E767206C5CCD004E38A8 /* Project object */ = {
			isa = PBXProject;
			attributes = {
				LastSwiftUpdateCheck = 0920;
				LastUpgradeCheck = 0930;
				ORGANIZATIONNAME = "Squid Store";
				TargetAttributes = {
					1CC3E76E206C5CCE004E38A8 = {
						CreatedOnToolsVersion = 9.2;
						ProvisioningStyle = Automatic;
					};
				};
			};
			buildConfigurationList = 1CC3E76A206C5CCD004E38A8 /* Build configuration list for PBXProject "TentaclesExample" */;
			compatibilityVersion = "Xcode 8.0";
			developmentRegion = en;
			hasScannedForEncodings = 0;
			knownRegions = (
				en,
				Base,
			);
			mainGroup = 1CC3E766206C5CCD004E38A8;
			productRefGroup = 1CC3E770206C5CCE004E38A8 /* Products */;
			projectDirPath = "";
			projectReferences = (
				{
					ProductGroup = 1CC3E785206C5CF1004E38A8 /* Products */;
					ProjectRef = 1CC3E784206C5CF1004E38A8 /* Tentacles.xcodeproj */;
				},
			);
			projectRoot = "";
			targets = (
				1CC3E76E206C5CCE004E38A8 /* TentaclesExample */,
			);
		};
/* End PBXProject section */

/* Begin PBXReferenceProxy section */
		1CC3E78A206C5CF1004E38A8 /* Tentacles.framework */ = {
			isa = PBXReferenceProxy;
			fileType = wrapper.framework;
			path = Tentacles.framework;
			remoteRef = 1CC3E789206C5CF1004E38A8 /* PBXContainerItemProxy */;
			sourceTree = BUILT_PRODUCTS_DIR;
		};
		1CC3E78C206C5CF1004E38A8 /* TentaclesTests.xctest */ = {
			isa = PBXReferenceProxy;
			fileType = wrapper.cfbundle;
			path = TentaclesTests.xctest;
			remoteRef = 1CC3E78B206C5CF1004E38A8 /* PBXContainerItemProxy */;
			sourceTree = BUILT_PRODUCTS_DIR;
		};
/* End PBXReferenceProxy section */

/* Begin PBXResourcesBuildPhase section */
		1CC3E76D206C5CCE004E38A8 /* Resources */ = {
			isa = PBXResourcesBuildPhase;
			buildActionMask = 2147483647;
			files = (
				1CC3E77D206C5CCE004E38A8 /* LaunchScreen.storyboard in Resources */,
				1CC3E77A206C5CCE004E38A8 /* Assets.xcassets in Resources */,
				1CC3E778206C5CCE004E38A8 /* Main.storyboard in Resources */,
			);
			runOnlyForDeploymentPostprocessing = 0;
		};
/* End PBXResourcesBuildPhase section */

/* Begin PBXSourcesBuildPhase section */
		1CC3E76B206C5CCE004E38A8 /* Sources */ = {
			isa = PBXSourcesBuildPhase;
			buildActionMask = 2147483647;
			files = (
				1CC3E775206C5CCE004E38A8 /* ViewController.swift in Sources */,
				1CC3E773206C5CCE004E38A8 /* AppDelegate.swift in Sources */,
			);
			runOnlyForDeploymentPostprocessing = 0;
		};
/* End PBXSourcesBuildPhase section */

/* Begin PBXTargetDependency section */
		1CC3E793206C5D6A004E38A8 /* PBXTargetDependency */ = {
			isa = PBXTargetDependency;
			name = Tentacles;
			targetProxy = 1CC3E792206C5D6A004E38A8 /* PBXContainerItemProxy */;
		};
/* End PBXTargetDependency section */

/* Begin PBXVariantGroup section */
		1CC3E776206C5CCE004E38A8 /* Main.storyboard */ = {
			isa = PBXVariantGroup;
			children = (
				1CC3E777206C5CCE004E38A8 /* Base */,
			);
			name = Main.storyboard;
			sourceTree = "<group>";
		};
		1CC3E77B206C5CCE004E38A8 /* LaunchScreen.storyboard */ = {
			isa = PBXVariantGroup;
			children = (
				1CC3E77C206C5CCE004E38A8 /* Base */,
			);
			name = LaunchScreen.storyboard;
			sourceTree = "<group>";
		};
/* End PBXVariantGroup section */

/* Begin XCBuildConfiguration section */
		1CC3E77F206C5CCE004E38A8 /* Debug */ = {
			isa = XCBuildConfiguration;
			buildSettings = {
				ALWAYS_SEARCH_USER_PATHS = NO;
				CLANG_ANALYZER_NONNULL = YES;
				CLANG_ANALYZER_NUMBER_OBJECT_CONVERSION = YES_AGGRESSIVE;
				CLANG_CXX_LANGUAGE_STANDARD = "gnu++14";
				CLANG_CXX_LIBRARY = "libc++";
				CLANG_ENABLE_MODULES = YES;
				CLANG_ENABLE_OBJC_ARC = YES;
				CLANG_WARN_BLOCK_CAPTURE_AUTORELEASING = YES;
				CLANG_WARN_BOOL_CONVERSION = YES;
				CLANG_WARN_COMMA = YES;
				CLANG_WARN_CONSTANT_CONVERSION = YES;
				CLANG_WARN_DEPRECATED_OBJC_IMPLEMENTATIONS = YES;
				CLANG_WARN_DIRECT_OBJC_ISA_USAGE = YES_ERROR;
				CLANG_WARN_DOCUMENTATION_COMMENTS = YES;
				CLANG_WARN_EMPTY_BODY = YES;
				CLANG_WARN_ENUM_CONVERSION = YES;
				CLANG_WARN_INFINITE_RECURSION = YES;
				CLANG_WARN_INT_CONVERSION = YES;
				CLANG_WARN_NON_LITERAL_NULL_CONVERSION = YES;
				CLANG_WARN_OBJC_IMPLICIT_RETAIN_SELF = YES;
				CLANG_WARN_OBJC_LITERAL_CONVERSION = YES;
				CLANG_WARN_OBJC_ROOT_CLASS = YES_ERROR;
				CLANG_WARN_RANGE_LOOP_ANALYSIS = YES;
				CLANG_WARN_STRICT_PROTOTYPES = YES;
				CLANG_WARN_SUSPICIOUS_MOVE = YES;
				CLANG_WARN_UNGUARDED_AVAILABILITY = YES_AGGRESSIVE;
				CLANG_WARN_UNREACHABLE_CODE = YES;
				CLANG_WARN__DUPLICATE_METHOD_MATCH = YES;
				CODE_SIGN_IDENTITY = "iPhone Developer";
				COPY_PHASE_STRIP = NO;
				DEBUG_INFORMATION_FORMAT = dwarf;
				ENABLE_STRICT_OBJC_MSGSEND = YES;
				ENABLE_TESTABILITY = YES;
				GCC_C_LANGUAGE_STANDARD = gnu11;
				GCC_DYNAMIC_NO_PIC = NO;
				GCC_NO_COMMON_BLOCKS = YES;
				GCC_OPTIMIZATION_LEVEL = 0;
				GCC_PREPROCESSOR_DEFINITIONS = (
					"DEBUG=1",
					"$(inherited)",
				);
				GCC_WARN_64_TO_32_BIT_CONVERSION = YES;
				GCC_WARN_ABOUT_RETURN_TYPE = YES_ERROR;
				GCC_WARN_UNDECLARED_SELECTOR = YES;
				GCC_WARN_UNINITIALIZED_AUTOS = YES_AGGRESSIVE;
				GCC_WARN_UNUSED_FUNCTION = YES;
				GCC_WARN_UNUSED_VARIABLE = YES;
				IPHONEOS_DEPLOYMENT_TARGET = 11.2;
				MTL_ENABLE_DEBUG_INFO = YES;
				ONLY_ACTIVE_ARCH = YES;
				SDKROOT = iphoneos;
				SWIFT_ACTIVE_COMPILATION_CONDITIONS = DEBUG;
				SWIFT_OPTIMIZATION_LEVEL = "-Onone";
			};
			name = Debug;
		};
		1CC3E780206C5CCE004E38A8 /* Release */ = {
			isa = XCBuildConfiguration;
			buildSettings = {
				ALWAYS_SEARCH_USER_PATHS = NO;
				CLANG_ANALYZER_NONNULL = YES;
				CLANG_ANALYZER_NUMBER_OBJECT_CONVERSION = YES_AGGRESSIVE;
				CLANG_CXX_LANGUAGE_STANDARD = "gnu++14";
				CLANG_CXX_LIBRARY = "libc++";
				CLANG_ENABLE_MODULES = YES;
				CLANG_ENABLE_OBJC_ARC = YES;
				CLANG_WARN_BLOCK_CAPTURE_AUTORELEASING = YES;
				CLANG_WARN_BOOL_CONVERSION = YES;
				CLANG_WARN_COMMA = YES;
				CLANG_WARN_CONSTANT_CONVERSION = YES;
				CLANG_WARN_DEPRECATED_OBJC_IMPLEMENTATIONS = YES;
				CLANG_WARN_DIRECT_OBJC_ISA_USAGE = YES_ERROR;
				CLANG_WARN_DOCUMENTATION_COMMENTS = YES;
				CLANG_WARN_EMPTY_BODY = YES;
				CLANG_WARN_ENUM_CONVERSION = YES;
				CLANG_WARN_INFINITE_RECURSION = YES;
				CLANG_WARN_INT_CONVERSION = YES;
				CLANG_WARN_NON_LITERAL_NULL_CONVERSION = YES;
				CLANG_WARN_OBJC_IMPLICIT_RETAIN_SELF = YES;
				CLANG_WARN_OBJC_LITERAL_CONVERSION = YES;
				CLANG_WARN_OBJC_ROOT_CLASS = YES_ERROR;
				CLANG_WARN_RANGE_LOOP_ANALYSIS = YES;
				CLANG_WARN_STRICT_PROTOTYPES = YES;
				CLANG_WARN_SUSPICIOUS_MOVE = YES;
				CLANG_WARN_UNGUARDED_AVAILABILITY = YES_AGGRESSIVE;
				CLANG_WARN_UNREACHABLE_CODE = YES;
				CLANG_WARN__DUPLICATE_METHOD_MATCH = YES;
				CODE_SIGN_IDENTITY = "iPhone Developer";
				COPY_PHASE_STRIP = NO;
				DEBUG_INFORMATION_FORMAT = "dwarf-with-dsym";
				ENABLE_NS_ASSERTIONS = NO;
				ENABLE_STRICT_OBJC_MSGSEND = YES;
				GCC_C_LANGUAGE_STANDARD = gnu11;
				GCC_NO_COMMON_BLOCKS = YES;
				GCC_WARN_64_TO_32_BIT_CONVERSION = YES;
				GCC_WARN_ABOUT_RETURN_TYPE = YES_ERROR;
				GCC_WARN_UNDECLARED_SELECTOR = YES;
				GCC_WARN_UNINITIALIZED_AUTOS = YES_AGGRESSIVE;
				GCC_WARN_UNUSED_FUNCTION = YES;
				GCC_WARN_UNUSED_VARIABLE = YES;
				IPHONEOS_DEPLOYMENT_TARGET = 11.2;
				MTL_ENABLE_DEBUG_INFO = NO;
				SDKROOT = iphoneos;
				SWIFT_OPTIMIZATION_LEVEL = "-Owholemodule";
				VALIDATE_PRODUCT = YES;
			};
			name = Release;
		};
		1CC3E782206C5CCE004E38A8 /* Debug */ = {
			isa = XCBuildConfiguration;
			buildSettings = {
				ALWAYS_EMBED_SWIFT_STANDARD_LIBRARIES = YES;
				ASSETCATALOG_COMPILER_APPICON_NAME = AppIcon;
				CODE_SIGN_STYLE = Automatic;
				DEVELOPMENT_TEAM = 8Y576T24DB;
				INFOPLIST_FILE = TentaclesExample/Info.plist;
				LD_RUNPATH_SEARCH_PATHS = "$(inherited) @executable_path/Frameworks";
				PRODUCT_BUNDLE_IDENTIFIER = com.squidstore.TentaclesExample;
				PRODUCT_NAME = "$(TARGET_NAME)";
				SWIFT_VERSION = 4.0;
				TARGETED_DEVICE_FAMILY = "1,2";
			};
			name = Debug;
		};
		1CC3E783206C5CCE004E38A8 /* Release */ = {
			isa = XCBuildConfiguration;
			buildSettings = {
				ALWAYS_EMBED_SWIFT_STANDARD_LIBRARIES = YES;
				ASSETCATALOG_COMPILER_APPICON_NAME = AppIcon;
				CODE_SIGN_STYLE = Automatic;
				DEVELOPMENT_TEAM = 8Y576T24DB;
				INFOPLIST_FILE = TentaclesExample/Info.plist;
				LD_RUNPATH_SEARCH_PATHS = "$(inherited) @executable_path/Frameworks";
				PRODUCT_BUNDLE_IDENTIFIER = com.squidstore.TentaclesExample;
				PRODUCT_NAME = "$(TARGET_NAME)";
				SWIFT_VERSION = 4.0;
				TARGETED_DEVICE_FAMILY = "1,2";
			};
			name = Release;
		};
/* End XCBuildConfiguration section */

/* Begin XCConfigurationList section */
		1CC3E76A206C5CCD004E38A8 /* Build configuration list for PBXProject "TentaclesExample" */ = {
			isa = XCConfigurationList;
			buildConfigurations = (
				1CC3E77F206C5CCE004E38A8 /* Debug */,
				1CC3E780206C5CCE004E38A8 /* Release */,
			);
			defaultConfigurationIsVisible = 0;
			defaultConfigurationName = Release;
		};
		1CC3E781206C5CCE004E38A8 /* Build configuration list for PBXNativeTarget "TentaclesExample" */ = {
			isa = XCConfigurationList;
			buildConfigurations = (
				1CC3E782206C5CCE004E38A8 /* Debug */,
				1CC3E783206C5CCE004E38A8 /* Release */,
			);
			defaultConfigurationIsVisible = 0;
			defaultConfigurationName = Release;
		};
/* End XCConfigurationList section */
	};
	rootObject = 1CC3E767206C5CCD004E38A8 /* Project object */;
}
